
Microsoft Visual Studio Solution File, Format Version 11.00
# Visual Studio 2010
Project("{FAE04EC0-301F-11D3-BF4B-00C04F79EFBC}") = "ScatterDiagram", "ScatterDiagram\ScatterDiagram.csproj", "{3086F2A0-BC95-466C-83D8-4061CDC721D0}"
EndProject
Project("{FAE04EC0-301F-11D3-BF4B-00C04F79EFBC}") = "Infragistics.Samples.Framework.WPF", "..\LineChart\Infragistics.Samples.Framework\Infragistics.Samples.Framework.WPF.csproj", "{9D1438D4-80AD-400D-976A-F4500A79C6E9}"
EndProject
Global
	GlobalSection(SolutionConfigurationPlatforms) = preSolution
		Debug|Any CPU = Debug|Any CPU
		Debug|Mixed Platforms = Debug|Mixed Platforms
		Debug|x86 = Debug|x86
		Release|Any CPU = Release|Any CPU
		Release|Mixed Platforms = Release|Mixed Platforms
		Release|x86 = Release|x86
	EndGlobalSection
	GlobalSection(ProjectConfigurationPlatforms) = postSolution
		{3086F2A0-BC95-466C-83D8-4061CDC721D0}.Debug|Any CPU.ActiveCfg = Debug|x86
		{3086F2A0-BC95-466C-83D8-4061CDC721D0}.Debug|Mixed Platforms.ActiveCfg = Debug|x86
		{3086F2A0-BC95-466C-83D8-4061CDC721D0}.Debug|Mixed Platforms.Build.0 = Debug|x86
		{3086F2A0-BC95-466C-83D8-4061CDC721D0}.Debug|x86.ActiveCfg = Debug|x86
		{3086F2A0-BC95-466C-83D8-4061CDC721D0}.Debug|x86.Build.0 = Debug|x86
		{3086F2A0-BC95-466C-83D8-4061CDC721D0}.Release|Any CPU.ActiveCfg = Release|x86
		{3086F2A0-BC95-466C-83D8-4061CDC721D0}.Release|Mixed Platforms.ActiveCfg = Release|x86
		{3086F2A0-BC95-466C-83D8-4061CDC721D0}.Release|Mixed Platforms.Build.0 = Release|x86
		{3086F2A0-BC95-466C-83D8-4061CDC721D0}.Release|x86.ActiveCfg = Release|x86
		{3086F2A0-BC95-466C-83D8-4061CDC721D0}.Release|x86.Build.0 = Release|x86
		{9D1438D4-80AD-400D-976A-F4500A79C6E9}.Debug|Any CPU.ActiveCfg = Debug|Any CPU
		{9D1438D4-80AD-400D-976A-F4500A79C6E9}.Debug|Any CPU.Build.0 = Debug|Any CPU
		{9D1438D4-80AD-400D-976A-F4500A79C6E9}.Debug|Mixed Platforms.ActiveCfg = Debug|Any CPU
		{9D1438D4-80AD-400D-976A-F4500A79C6E9}.Debug|Mixed Platforms.Build.0 = Debug|Any CPU
		{9D1438D4-80AD-400D-976A-F4500A79C6E9}.Debug|x86.ActiveCfg = Debug|Any CPU
		{9D1438D4-80AD-400D-976A-F4500A79C6E9}.Release|Any CPU.ActiveCfg = Release|Any CPU
		{9D1438D4-80AD-400D-976A-F4500A79C6E9}.Release|Any CPU.Build.0 = Release|Any CPU
		{9D1438D4-80AD-400D-976A-F4500A79C6E9}.Release|Mixed Platforms.ActiveCfg = Release|Any CPU
		{9D1438D4-80AD-400D-976A-F4500A79C6E9}.Release|Mixed Platforms.Build.0 = Release|Any CPU
		{9D1438D4-80AD-400D-976A-F4500A79C6E9}.Release|x86.ActiveCfg = Release|Any CPU
	EndGlobalSection
	GlobalSection(SolutionProperties) = preSolution
		HideSolutionNode = FALSE
	EndGlobalSection
EndGlobal
